{
  "pins" : [
    {
      "identity" : "alamofire",
      "kind" : "remoteSourceControl",
      "location" : "https://github.com/Alamofire/Alamofire.git",
      "state" : {
        "branch" : "master",
        "revision" : "bbac4d93605034b1dcfb1fcb32bd8d8e38751783"
      }
    },
    {
      "identity" : "combinecocoa",
      "kind" : "remoteSourceControl",
      "location" : "https://github.com/CombineCommunity/CombineCocoa.git",
      "state" : {
        "branch" : "main",
        "revision" : "1a1821995b49c05032980554fc5c3f1204d53076"
      }
    },
    {
      "identity" : "kingfisher",
      "kind" : "remoteSourceControl",
      "location" : "https://github.com/onevcat/Kingfisher.git",
      "state" : {
        "branch" : "master",
        "revision" : "59eb199fdb8dd47733624e8b0277822d0232579e"
      }
    },
    {
      "identity" : "markdownview",
      "kind" : "remoteSourceControl",
      "location" : "https://github.com/keitaoouchi/MarkdownView.git",
      "state" : {
        "revision" : "5e62a27f1002cd63c350ef1a4c640ddcd1f1ed48",
        "version" : "1.9.1"
      }
    }
  ],
  "version" : 2
}
