{
  "object": {
    "pins": [
      {
        "package": "Alamofire",
        "repositoryURL": "https://github.com/Alamofire/Alamofire.git",
        "state": {
          "branch": "master",
          "revision": "e7e39079d7469e81966d2787431bf8979a2b0cc4",
          "version": null
        }
      },
      {
        "package": "CombineCocoa",
        "repositoryURL": "https://github.com/CombineCommunity/CombineCocoa.git",
        "state": {
          "branch": "main",
          "revision": "4e262c2f9fb1cee1cb3be5717f7e6b55eb823971",
          "version": null
        }
      },
      {
        "package": "Kingfisher",
        "repositoryURL": "https://github.com/onevcat/Kingfisher.git",
        "state": {
          "branch": "master",
          "revision": "15dde451f97a8ae18ea4f94969b7c8546f034b37",
          "version": null
        }
      },
      {
        "package": "MarkdownView",
        "repositoryURL": "https://github.com/keitaoouchi/MarkdownView.git",
        "state": {
          "branch": null,
          "revision": "35964c602ecfccc359180224a9d7d318d03b304b",
          "version": "1.8.3"
        }
      }
    ]
  },
  "version": 1
}
